{
  "object": {
    "pins": [
      {
        "package": "Configuration",
        "repositoryURL": "https://github.com/IBM-Swift/Configuration.git",
        "state": {
          "branch": null,
          "revision": "da98da148509a3d7bd61fe01e7ade8926b52026b",
          "version": "3.0.4"
        }
      },
      {
        "package": "CSQLite",
        "repositoryURL": "https://github.com/stephencelis/CSQLite.git",
        "state": {
          "branch": null,
          "revision": "9106e983d5e3d5149ee35281ec089484b0def018",
          "version": "0.0.3"
        }
      },
      {
        "package": "FileKit",
        "repositoryURL": "https://github.com/IBM-Swift/FileKit.git",
        "state": {
          "branch": null,
          "revision": "26911acde61a3556b7583f84180048ea6a03973c",
          "version": "0.0.2"
        }
      },
      {
        "package": "LoggerAPI",
        "repositoryURL": "https://github.com/IBM-Swift/LoggerAPI.git",
        "state": {
          "branch": null,
          "revision": "3357dd9526cdf9436fa63bb792b669e6efdc43da",
          "version": "1.9.0"
        }
      },
      {
        "package": "SQLite.swift",
        "repositoryURL": "https://github.com/stephencelis/SQLite.swift.git",
        "state": {
          "branch": null,
          "revision": "210098546d59678f720e4ef67f8b562acfebbdb0",
          "version": "0.11.5"
        }
      },
      {
        "package": "swift-log",
        "repositoryURL": "https://github.com/apple/swift-log.git",
        "state": {
          "branch": null,
          "revision": "eba9b323b5ba542c119ff17382a4ce737bcdc0b8",
          "version": "0.0.0"
        }
      },
      {
        "package": "SwiftSoup",
        "repositoryURL": "https://github.com/scinfu/SwiftSoup.git",
        "state": {
          "branch": null,
          "revision": "11da8c685ddde2d519fad04a7daf8485bbbc773e",
          "version": "1.7.5"
        }
      },
      {
        "package": "SwiftyBeaver",
        "repositoryURL": "https://github.com/SwiftyBeaver/SwiftyBeaver.git",
        "state": {
          "branch": null,
          "revision": "78352a16ed33e53307795b46145a1c739e08fb83",
          "version": "1.6.2"
        }
      },
      {
        "package": "ZEGBot",
        "repositoryURL": "https://github.com/shaneqi/ZEGBot.git",
        "state": {
          "branch": null,
          "revision": "bc4093f3f2780a9559c75def841f81af016f3965",
          "version": "4.2.0"
        }
      }
    ]
  },
  "version": 1
}
