{
  "object": {
    "pins": [
      {
        "package": "ZEGBot",
        "repositoryURL": "https://github.com/shaneqi/ZEGBot.git",
        "state": {
          "branch": null,
          "revision": "bc4093f3f2780a9559c75def841f81af016f3965",
          "version": "4.2.0"
        }
      }
    ]
  },
  "version": 1
}
